# platform: linux-64
# env_hash: a9a53e0929d68ea40990026ffc38fac05205a84a44bcd1f590c92bdd1206d82a
@EXPLICIT
https://conda.anaconda.org/conda-forge/linux-64/_libgcc_mutex-0.1-conda_forge.tar.bz2#d7c89558ba9fa0495403155b64376d81
https://conda.anaconda.org/conda-forge/linux-64/ca-certificates-2020.12.5-ha878542_0.tar.bz2#7eb5d4ffeee663caa1635cd67071bc1b
https://conda.anaconda.org/conda-forge/noarch/font-ttf-dejavu-sans-mono-2.37-hab24e00_0.tar.bz2#0c96522c6bdaed4b1566d11387caaf45
https://conda.anaconda.org/conda-forge/noarch/font-ttf-inconsolata-2.001-hab24e00_0.tar.bz2#1fcc67d5eed875734d8b3eec00b29ce4
https://conda.anaconda.org/conda-forge/noarch/font-ttf-source-code-pro-2.030-hab24e00_0.tar.bz2#dfc1ee25079fd9314698d73ef38b557f
https://conda.anaconda.org/conda-forge/noarch/font-ttf-ubuntu-0.83-hab24e00_0.tar.bz2#19410c3df09dfb12d1206132a1d357c5
https://conda.anaconda.org/conda-forge/linux-64/ld_impl_linux-64-2.35.1-hea4e1c9_2.tar.bz2#83610dba766a186bdc7a116053b782a4
https://conda.anaconda.org/conda-forge/linux-64/libgfortran5-9.3.0-hff62375_19.tar.bz2#c2d8da3cb171e4aa642d20c6e4e42a04
https://conda.anaconda.org/conda-forge/linux-64/libstdcxx-ng-9.3.0-h6de172a_19.tar.bz2#cd9a24a8dde03ec0cf0e603b0bea85a1
https://conda.anaconda.org/conda-forge/linux-64/mysql-common-8.0.23-ha770c72_1.tar.bz2#288ac4404aff60a4ba6812a5ab66d505
https://conda.anaconda.org/conda-forge/linux-64/pandoc-2.12-h7f98852_0.tar.bz2#21d4ae04f0c60b1e1150ded8ac24b4c2
https://conda.anaconda.org/conda-forge/noarch/tzdata-2021a-he74cb21_0.tar.bz2#6f36861f102249fc54861ff9343c3fdd
https://conda.anaconda.org/conda-forge/noarch/fonts-conda-forge-1-0.tar.bz2#f766549260d6815b0c52253f1fb1bb29
https://conda.anaconda.org/conda-forge/linux-64/libgfortran-ng-9.3.0-hff62375_19.tar.bz2#aea379bd68fdcdf9499fa1453f852ac1
https://conda.anaconda.org/conda-forge/linux-64/libgomp-9.3.0-h2828fa1_19.tar.bz2#ab0a307912033126da02507b59e79ec9
https://conda.anaconda.org/conda-forge/linux-64/_openmp_mutex-4.5-1_gnu.tar.bz2#561e277319a41d4f24f5c05a9ef63c04
https://conda.anaconda.org/conda-forge/noarch/fonts-conda-ecosystem-1-0.tar.bz2#fee5683a3f04bd15cbd8318b096a27ab
https://conda.anaconda.org/conda-forge/linux-64/libgcc-ng-9.3.0-h2828fa1_19.tar.bz2#9d5cdfc51476ee4dcdd96ed2dca3f943
https://conda.anaconda.org/conda-forge/linux-64/abseil-cpp-20210324.0-h9c3ff4c_0.tar.bz2#bf9b65d81c0f9568452ee280fe1b0100
https://conda.anaconda.org/conda-forge/linux-64/aws-c-common-0.5.2-h7f98852_0.tar.bz2#9385df75d92faab7050054d8c0267a8e
https://conda.anaconda.org/conda-forge/linux-64/brotli-1.0.9-h9c3ff4c_4.tar.bz2#f4f75dc7038aaeb6eaae16a5ef5350b3
https://conda.anaconda.org/conda-forge/linux-64/bzip2-1.0.8-h7f98852_4.tar.bz2#a1fd65c7ccbf10880423d82bca54eb54
https://conda.anaconda.org/conda-forge/linux-64/c-ares-1.17.1-h7f98852_1.tar.bz2#ed1dc233ed5e3eaa9bfbaac64d130c5e
https://conda.anaconda.org/conda-forge/linux-64/expat-2.3.0-h9c3ff4c_0.tar.bz2#1fb8f0254eb78a2a0c120155e1b1a207
https://conda.anaconda.org/conda-forge/linux-64/fribidi-1.0.10-h36c2ea0_0.tar.bz2#ac7bc6a654f8f41b352b38f4051135f8
https://conda.anaconda.org/conda-forge/linux-64/geos-3.9.1-h9c3ff4c_2.tar.bz2#b9a6d9422aed3ad84ec6ccee9bfcaa0f
https://conda.anaconda.org/conda-forge/linux-64/gflags-2.2.2-he1b5a44_1004.tar.bz2#cddaf2c63ea4a5901cf09524c490ecdc
https://conda.anaconda.org/conda-forge/linux-64/giflib-5.2.1-h36c2ea0_2.tar.bz2#626e68ae9cc5912d6adb79d318cf962d
https://conda.anaconda.org/conda-forge/linux-64/graphite2-1.3.13-h58526e2_1001.tar.bz2#8c54672728e8ec6aa6db90cf2806d220
https://conda.anaconda.org/conda-forge/linux-64/icu-68.1-h58526e2_0.tar.bz2#fc7a4271dc2a7f4fd78cd63695baf7c3
https://conda.anaconda.org/conda-forge/linux-64/jpeg-9d-h36c2ea0_0.tar.bz2#ea02ce6037dbe81803ae6123e5ba1568
https://conda.anaconda.org/conda-forge/linux-64/libev-4.33-h516909a_1.tar.bz2#6f8720dff19e17ce5d48cfe7f3d2f0a3
https://conda.anaconda.org/conda-forge/linux-64/libffi-3.3-h58526e2_2.tar.bz2#665369991d8dd290ac5ee92fce3e6bf5
https://conda.anaconda.org/conda-forge/linux-64/libiconv-1.16-h516909a_0.tar.bz2#5c0f338a513a2943c659ae619fca9211
https://conda.anaconda.org/conda-forge/linux-64/libopenblas-0.3.12-pthreads_h4812303_1.tar.bz2#2c7126a584f05e7bc8885d64dad3d21a
https://conda.anaconda.org/conda-forge/linux-64/libsodium-1.0.18-h36c2ea0_1.tar.bz2#c3788462a6fbddafdb413a9f9053e58d
https://conda.anaconda.org/conda-forge/linux-64/libtool-2.4.6-h58526e2_1007.tar.bz2#7f6569a0c2f27acb8fc90600b382e544
https://conda.anaconda.org/conda-forge/linux-64/libutf8proc-2.6.1-h7f98852_0.tar.bz2#fd037e965074069cbd94b600a84c27b8
https://conda.anaconda.org/conda-forge/linux-64/libuuid-2.32.1-h7f98852_1000.tar.bz2#772d69f030955d9646d3d0eaf21d859d
https://conda.anaconda.org/conda-forge/linux-64/libuv-1.41.0-h7f98852_0.tar.bz2#808b41ebae1d9bd4aa8ffbc365d468c6
https://conda.anaconda.org/conda-forge/linux-64/libwebp-base-1.2.0-h7f98852_2.tar.bz2#fb63a035a3b552c88a30d84b89ebf4c4
https://conda.anaconda.org/conda-forge/linux-64/lz4-c-1.9.3-h9c3ff4c_0.tar.bz2#4eb64ee0d5cd43096ffcf843c76b05d4
https://conda.anaconda.org/conda-forge/linux-64/ncurses-6.2-h58526e2_4.tar.bz2#509f2a21c4a09214cd737a480dfd80c9
https://conda.anaconda.org/conda-forge/linux-64/nspr-4.30-h9c3ff4c_0.tar.bz2#e6dc1f8f6e0bcebe8e3d8a5bca258dbe
https://conda.anaconda.org/conda-forge/linux-64/openssl-1.1.1k-h7f98852_0.tar.bz2#07fae2cb088379c8441e0f3ffa1f4025
https://conda.anaconda.org/conda-forge/linux-64/pcre-8.44-he1b5a44_0.tar.bz2#e647d89cd5cdf62760cf283a001841ff
https://conda.anaconda.org/conda-forge/linux-64/pixman-0.40.0-h36c2ea0_0.tar.bz2#660e72c82f2e75a6b3fe6a6e75c79f19
https://conda.anaconda.org/conda-forge/linux-64/pthread-stubs-0.4-h36c2ea0_1001.tar.bz2#22dad4df6e8630e8dff2428f6f6a7036
https://conda.anaconda.org/conda-forge/linux-64/re2-2021.04.01-h9c3ff4c_0.tar.bz2#101d44c3f91da8d544fb463d0b014671
https://conda.anaconda.org/conda-forge/linux-64/snappy-1.1.8-he1b5a44_3.tar.bz2#83f1dc295c711bdbaf97e1f3bedf2f52
https://conda.anaconda.org/conda-forge/linux-64/xorg-kbproto-1.0.7-h7f98852_1002.tar.bz2#4b230e8381279d76131116660f5a241a
https://conda.anaconda.org/conda-forge/linux-64/xorg-libice-1.0.10-h7f98852_0.tar.bz2#d6b0b50b49eccfe0be0373be628be0f3
https://conda.anaconda.org/conda-forge/linux-64/xorg-libxau-1.0.9-h7f98852_0.tar.bz2#bf6f803a544f26ebbdc3bfff272eb179
https://conda.anaconda.org/conda-forge/linux-64/xorg-libxdmcp-1.1.3-h7f98852_0.tar.bz2#be93aabceefa2fac576e971aef407908
https://conda.anaconda.org/conda-forge/linux-64/xorg-renderproto-0.11.1-h7f98852_1002.tar.bz2#06feff3d2634e3097ce2fe681474b534
https://conda.anaconda.org/conda-forge/linux-64/xorg-xextproto-7.3.0-h7f98852_1002.tar.bz2#1e15f6ad85a7d743a2ac68dae6c82b98
https://conda.anaconda.org/conda-forge/linux-64/xorg-xproto-7.0.31-h7f98852_1007.tar.bz2#b4a4381d54784606820704f7b5f05a15
https://conda.anaconda.org/conda-forge/linux-64/xz-5.2.5-h516909a_1.tar.bz2#33f601066901f3e1a85af3522a8113f9
https://conda.anaconda.org/conda-forge/linux-64/yaml-0.2.5-h516909a_0.tar.bz2#03a530e925414902547cf48da7756db8
https://conda.anaconda.org/conda-forge/linux-64/zlib-1.2.11-h516909a_1010.tar.bz2#339cc5584e6d26bc73a875ba900028c3
https://conda.anaconda.org/conda-forge/linux-64/aws-c-cal-0.4.5-h76129ab_8.tar.bz2#919fceea687596b265facc7bfea5a96f
https://conda.anaconda.org/conda-forge/linux-64/aws-checksums-0.1.11-h99e32c3_3.tar.bz2#8165c38b9497eb8bc69d8269decb0911
https://conda.anaconda.org/conda-forge/linux-64/gettext-0.19.8.1-h0b5b191_1005.tar.bz2#ff6f69b593a9e74c0e6b61908ac513fa
https://conda.anaconda.org/conda-forge/linux-64/glog-0.4.0-h49b9bf7_3.tar.bz2#d763c0076c32135a4fc8a5857d4fd2ba
https://conda.anaconda.org/conda-forge/linux-64/libblas-3.9.0-8_openblas.tar.bz2#95cee6371a5b901797075040941171f3
https://conda.anaconda.org/conda-forge/linux-64/libedit-3.1.20191231-he28a2e2_2.tar.bz2#4d331e44109e3f0e19b4cb8f9b82f3e1
https://conda.anaconda.org/conda-forge/linux-64/libevent-2.1.10-hcdb4288_3.tar.bz2#d8f51405997093ff1799ded7650439c4
https://conda.anaconda.org/conda-forge/linux-64/libllvm11-11.1.0-hf817b99_2.tar.bz2#646fa2f7c60b69ee8f918668e9c2fd31
https://conda.anaconda.org/conda-forge/linux-64/libnghttp2-1.43.0-h812cca2_0.tar.bz2#1867d1e9658596b3fac8847a7702eef4
https://conda.anaconda.org/conda-forge/linux-64/libpng-1.6.37-h21135ba_2.tar.bz2#b6acf807307d033d4b7e758b4f44b036
https://conda.anaconda.org/conda-forge/linux-64/libprotobuf-3.15.8-h780b84a_0.tar.bz2#e6102befa4faff90ab2feb272a8b294d
https://conda.anaconda.org/conda-forge/linux-64/libssh2-1.9.0-ha56f1ee_6.tar.bz2#f0dfb86444df325e599dbc3f4c0a3f5b
https://conda.anaconda.org/conda-forge/linux-64/libxcb-1.13-h7f98852_1003.tar.bz2#a9371e9e40aded194dcba1447606c9a1
https://conda.anaconda.org/conda-forge/linux-64/libxml2-2.9.10-h72842e0_3.tar.bz2#5ed2c4742d5f1141783f484fe8974ccf
https://conda.anaconda.org/conda-forge/linux-64/nodejs-15.14.0-h92b4a50_0.tar.bz2#7776523c882ac0439ab12a7496f14c04
https://conda.anaconda.org/conda-forge/linux-64/readline-8.0-he28a2e2_2.tar.bz2#4d0ae8d473f863696088f76800ef9d38
https://conda.anaconda.org/conda-forge/linux-64/s2n-1.0.0-h9b69904_0.tar.bz2#38eecb47a48a34ea6116f9f1b9ae3736
https://conda.anaconda.org/conda-forge/linux-64/tk-8.6.10-h21135ba_1.tar.bz2#c647f70aa7e3d4cc4e029cc1c9a99953
https://conda.anaconda.org/conda-forge/linux-64/xorg-libsm-1.2.3-hd9c2040_1000.tar.bz2#9e856f78d5c80d5a78f61e72d1d473a3
https://conda.anaconda.org/conda-forge/linux-64/zeromq-4.3.4-h9c3ff4c_0.tar.bz2#9105c7da67ebfb39ff08e2a8ea72bb71
https://conda.anaconda.org/conda-forge/linux-64/zstd-1.4.9-ha95c52a_0.tar.bz2#b481dc9fda3af2a681d08a4d5cd1ea0b
https://conda.anaconda.org/conda-forge/linux-64/aws-c-io-0.9.1-ha5b09cb_1.tar.bz2#c2b89bbd2daf01804a710a6b735e9d7b
https://conda.anaconda.org/conda-forge/linux-64/configurable-http-proxy-4.3.2-node15_he6ea98c_0.tar.bz2#07f6a8201958d15ed9bcb615a7e39f6c
https://conda.anaconda.org/conda-forge/linux-64/freetype-2.10.4-h0708190_1.tar.bz2#4a06f2ac2e5bfae7b6b245171c3f07aa
https://conda.anaconda.org/conda-forge/linux-64/grpc-cpp-1.37.0-h36de60a_1.tar.bz2#ca78098e20b47add0e4bc50d4e3255cb
https://conda.anaconda.org/conda-forge/linux-64/krb5-1.17.2-h926e7f8_0.tar.bz2#926325c11478d6e781e76072c117763b
https://conda.anaconda.org/conda-forge/linux-64/libcblas-3.9.0-8_openblas.tar.bz2#d8e2151683bc12acffedea26eba27e0f
https://conda.anaconda.org/conda-forge/linux-64/libclang-11.1.0-default_ha53f305_0.tar.bz2#b7bc364d3ecf51443d48e14f87d784de
https://conda.anaconda.org/conda-forge/linux-64/libglib-2.68.1-h3e27bee_0.tar.bz2#486fecf2277a154e5f73f62328764310
https://conda.anaconda.org/conda-forge/linux-64/liblapack-3.9.0-8_openblas.tar.bz2#9a860887c77e923c2807c715a7731fb8
https://conda.anaconda.org/conda-forge/linux-64/libthrift-0.14.1-he6d91bd_1.tar.bz2#06001ffba0d76a710848132497e7dc6d
https://conda.anaconda.org/conda-forge/linux-64/libtiff-4.2.0-hdc55705_0.tar.bz2#f1406324f1d02fa26447a0a0f2dd0107
https://conda.anaconda.org/conda-forge/linux-64/libxkbcommon-1.0.3-he3ba5ed_0.tar.bz2#f9dbabc7e01c459ed7a1d1d64b206e9b
https://conda.anaconda.org/conda-forge/linux-64/mysql-libs-8.0.23-h935591d_1.tar.bz2#fd60f20b38b7194aa91262fdbd3ef134
https://conda.anaconda.org/conda-forge/linux-64/orc-1.6.7-heec2584_1.tar.bz2#a5e9cd6a909892649a6452cb4a85d2d9
https://conda.anaconda.org/conda-forge/linux-64/sqlite-3.35.4-h74cdb3f_0.tar.bz2#bc1c6047464060ba82a71448292be9c3
https://conda.anaconda.org/conda-forge/linux-64/xorg-libx11-1.7.0-h7f98852_0.tar.bz2#0cd07abd75b2fad023161c657524ddbd
https://conda.anaconda.org/conda-forge/linux-64/atk-1.0-2.36.0-h3371d22_4.tar.bz2#661e1ed5d92552785d9f8c781ce68685
https://conda.anaconda.org/conda-forge/linux-64/aws-c-event-stream-0.2.7-h6bac3ce_1.tar.bz2#6651f783e05801f31bf6418e48918055
https://conda.anaconda.org/conda-forge/linux-64/fontconfig-2.13.1-hba837de_1005.tar.bz2#fd3611672eb91bc9d24fd6fb970037eb
https://conda.anaconda.org/conda-forge/linux-64/gdk-pixbuf-2.42.6-h04a7f16_0.tar.bz2#b24a1e18325a6e8f8b6b4a2ec5860ce2
https://conda.anaconda.org/conda-forge/linux-64/glib-tools-2.68.1-h9c3ff4c_0.tar.bz2#b1ecd0fa079de56a1ba8d03063ee39bb
https://conda.anaconda.org/conda-forge/linux-64/gstreamer-1.18.4-h76c114f_0.tar.bz2#8b55c71895bce3ea0beb5bf907840bb2
https://conda.anaconda.org/conda-forge/linux-64/gts-0.7.6-h64030ff_2.tar.bz2#112eb9b5b93f0c02e59aea4fd1967363
https://conda.anaconda.org/conda-forge/linux-64/lcms2-2.12-hddcbb42_0.tar.bz2#797117394a4aa588de6d741b06fad80f
https://conda.anaconda.org/conda-forge/linux-64/libcurl-7.76.0-hc4aaa36_0.tar.bz2#ef274544b3de8d0f474fe113b568c7fb
https://conda.anaconda.org/conda-forge/linux-64/libpq-13.1-hfd2b0eb_2.tar.bz2#d41b032f8940757263340b0918e62682
https://conda.anaconda.org/conda-forge/linux-64/libwebp-1.2.0-h3452ae3_0.tar.bz2#8f4e19a8988c38feec7db41bcd0bf0d0
https://conda.anaconda.org/conda-forge/linux-64/nss-3.63-hb5efdd6_0.tar.bz2#f7c6c9299233162f3fb1f8d75aa5ae99
https://conda.anaconda.org/conda-forge/linux-64/openjpeg-2.4.0-hf7af979_0.tar.bz2#f677c4652b03ed5d1352bf976be7192c
https://conda.anaconda.org/conda-forge/linux-64/python-3.9.2-hffdb5ce_0_cpython.tar.bz2#1d42ab08338d49f54800522a89ca3602
https://conda.anaconda.org/conda-forge/linux-64/xorg-libxext-1.3.4-h7f98852_1.tar.bz2#536cc5db4d0a3ba0630541aec064b5e4
https://conda.anaconda.org/conda-forge/linux-64/xorg-libxrender-0.9.10-h7f98852_1003.tar.bz2#f59c1242cc1dd93e72c2ee2b360979eb
https://conda.anaconda.org/conda-forge/noarch/alabaster-0.7.12-py_0.tar.bz2#2489a97287f90176ecdc3ca982b4b0a0
https://conda.anaconda.org/conda-forge/noarch/appdirs-1.4.4-pyh9f0ad1d_0.tar.bz2#5f095bc6454094e96f146491fd03633b
https://conda.anaconda.org/conda-forge/noarch/argh-0.26.2-pyh9f0ad1d_1002.tar.bz2#0af89261f0352895e1c1000d306b3dc7
https://conda.anaconda.org/conda-forge/noarch/astor-0.8.1-pyh9f0ad1d_0.tar.bz2#6ae770689be59dc391ef974d2e849b56
https://conda.anaconda.org/conda-forge/noarch/async-timeout-3.0.1-py_1000.tar.bz2#8b11024b2762a07aaa07d2743231a41b
https://conda.anaconda.org/conda-forge/noarch/async_generator-1.10-py_0.tar.bz2#d56c596e61b1c4952acf0a9920856c12
https://conda.anaconda.org/conda-forge/noarch/attrs-20.3.0-pyhd3deb0d_0.tar.bz2#5b319abb055eefcfa344bc21378ca23f
https://conda.anaconda.org/conda-forge/linux-64/aws-sdk-cpp-1.8.151-hceb1b1e_1.tar.bz2#1a9d4b7e6148c447208c38204cc2f426
https://conda.anaconda.org/conda-forge/noarch/backcall-0.2.0-pyh9f0ad1d_0.tar.bz2#6006a6d08a3fa99268a2681c7fb55213
https://conda.anaconda.org/conda-forge/noarch/backports-1.0-py_2.tar.bz2#0da16b293affa6ac31812376f8eb79dd
https://conda.anaconda.org/conda-forge/noarch/base58-2.1.0-pyhd8ed1ab_0.tar.bz2#11a4470ff8524de0a4e0be2ea369d155
https://conda.anaconda.org/conda-forge/noarch/blinker-1.4-py_1.tar.bz2#fa509a09190583f869ae442bf4d17f5f
https://conda.anaconda.org/conda-forge/noarch/cachetools-4.2.1-pyhd8ed1ab_0.tar.bz2#c48f5ea63f27d8ede4117b6d99c6142b
https://conda.anaconda.org/conda-forge/linux-64/cairo-1.16.0-h6cf1ce9_1008.tar.bz2#a43fb47d15e116f8be4be7e6b17ab59f
https://conda.anaconda.org/conda-forge/noarch/click-7.1.2-pyh9f0ad1d_0.tar.bz2#bd50a970ce07e660c319fdc4d730d3f1
https://conda.anaconda.org/conda-forge/noarch/cloudpickle-1.6.0-py_0.tar.bz2#76d764d8881719e305f6fa368dc2b65e
https://conda.anaconda.org/conda-forge/noarch/colorama-0.4.4-pyh9f0ad1d_0.tar.bz2#c08b4c1326b880ed44f3ffb04803332f
https://conda.anaconda.org/conda-forge/noarch/dash-renderer-1.9.1-pyhd8ed1ab_0.tar.bz2#3fd6b29fd25a5880bbf13d4f9c68ead2
https://conda.anaconda.org/conda-forge/noarch/dataclasses-0.8-pyhc8e2a94_1.tar.bz2#28e0de0ecba81334619a777fdc00febc
https://conda.anaconda.org/conda-forge/noarch/decorator-5.0.6-pyhd8ed1ab_0.tar.bz2#39630f8daa82fec8133e83ca043db78a
https://conda.anaconda.org/conda-forge/noarch/defusedxml-0.7.1-pyhd8ed1ab_0.tar.bz2#961b3a227b437d82ad7054484cfa71b2
https://conda.anaconda.org/conda-forge/noarch/entrypoints-0.3-pyhd8ed1ab_1003.tar.bz2#bbf9a201f6ce99a506f4955374d9a9f4
https://conda.anaconda.org/conda-forge/noarch/escapism-1.0.1-pyh9f0ad1d_0.tar.bz2#598755324d753727149360b89bcf14b3
https://conda.anaconda.org/conda-forge/noarch/fsspec-0.9.0-pyhd8ed1ab_0.tar.bz2#ea14c83a9e16d82ffa15d30ac5df7ba2
https://conda.anaconda.org/conda-forge/linux-64/glib-2.68.1-h9c3ff4c_0.tar.bz2#9fb05e9b0df734f92df7810c7c8975e3
https://conda.anaconda.org/conda-forge/linux-64/gst-plugins-base-1.18.4-h29181c9_0.tar.bz2#941e30272d811e5e78eb6060b4e406d1
https://conda.anaconda.org/conda-forge/noarch/heapdict-1.0.1-py_0.tar.bz2#77242bfb1e74a627fb06319b5a2d3b95
https://conda.anaconda.org/conda-forge/noarch/idna-2.10-pyh9f0ad1d_0.tar.bz2#f95a12b4f435aae6680fe55ae2eb1b06
https://conda.anaconda.org/conda-forge/noarch/imagesize-1.2.0-py_0.tar.bz2#5879bd2c4b399a5072468e5fe587bf1b
https://conda.anaconda.org/conda-forge/noarch/iniconfig-1.1.1-pyh9f0ad1d_0.tar.bz2#39161f81cc5e5ca45b8226fbb06c6905
https://conda.anaconda.org/conda-forge/noarch/ipython_genutils-0.2.0-py_1.tar.bz2#5071c982548b3a20caf70462f04f5287
https://conda.anaconda.org/conda-forge/noarch/itsdangerous-1.1.0-py_0.tar.bz2#8afda875561afffed1115fd247fdd61e
https://conda.anaconda.org/conda-forge/noarch/jmespath-0.10.0-pyh9f0ad1d_0.tar.bz2#5988f73e79824c7900954539fbfad3fa
https://conda.anaconda.org/conda-forge/noarch/json5-0.9.5-pyh9f0ad1d_0.tar.bz2#10759827a94e6b14996e81fb002c0bda
https://conda.anaconda.org/conda-forge/noarch/jupyterlab_widgets-1.0.0-pyhd8ed1ab_1.tar.bz2#f8da92114c8fbe1d951b0efaf54dd14b
https://conda.anaconda.org/conda-forge/linux-64/libgd-2.3.2-h78a0170_0.tar.bz2#ac0c23e6f3bbb61569781f00b5666f97
https://conda.anaconda.org/conda-forge/noarch/locket-0.2.0-py_2.tar.bz2#709e8671651c7ec3d1ad07800339ff1d
https://conda.anaconda.org/conda-forge/noarch/mccabe-0.6.1-py_1.tar.bz2#a326cb400c1ccd91789f3e7d02124d61
https://conda.anaconda.org/conda-forge/noarch/more-itertools-8.7.0-pyhd8ed1ab_0.tar.bz2#3be1ba5a28d394d78f3d692fb9e5c1c2
https://conda.anaconda.org/conda-forge/noarch/nest-asyncio-1.5.1-pyhd8ed1ab_0.tar.bz2#47a51a5b8f9cc41004c8d7bd88b62447
https://conda.anaconda.org/conda-forge/noarch/olefile-0.46-pyh9f0ad1d_1.tar.bz2#0b2e68acc8c78c8cc392b90983481f58
https://conda.anaconda.org/conda-forge/noarch/pamela-1.0.0-py_0.tar.bz2#36f6f18d2f3ae0c93d77a9dbedad08c3
https://conda.anaconda.org/conda-forge/noarch/pandocfilters-1.4.2-py_1.tar.bz2#ba6f4a308f1ea22abe1d72e72544af76
https://conda.anaconda.org/conda-forge/noarch/param-1.10.1-pyhd3deb0d_0.tar.bz2#e990456731e2381b8801b26242234e26
https://conda.anaconda.org/conda-forge/noarch/parso-0.8.2-pyhd8ed1ab_0.tar.bz2#fb40b157bd62b457a1cc82527b63f0b0
https://conda.anaconda.org/conda-forge/noarch/pathspec-0.8.1-pyhd3deb0d_0.tar.bz2#fcd2fbb062b55d14a77e664c89ee17a6
https://conda.anaconda.org/conda-forge/noarch/pickleshare-0.7.5-py_1003.tar.bz2#415f0ebb6198cc2801c73438a9fb5761
https://conda.anaconda.org/conda-forge/noarch/prometheus_client-0.10.1-pyhd8ed1ab_0.tar.bz2#088ca4c07d7b346a2a099b3685a0e992
https://conda.anaconda.org/conda-forge/noarch/ptyprocess-0.7.0-pyhd3deb0d_0.tar.bz2#359eeb6536da0e687af562ed265ec263
https://conda.anaconda.org/conda-forge/noarch/py-1.10.0-pyhd3deb0d_0.tar.bz2#88ca1328ecc79a070214aa24911bace8
https://conda.anaconda.org/conda-forge/noarch/pycodestyle-2.7.0-pyhd8ed1ab_0.tar.bz2#0234673eb2ecfbdf4e54574ab4d95f81
https://conda.anaconda.org/conda-forge/noarch/pycparser-2.20-pyh9f0ad1d_2.tar.bz2#aa798d50ffd182a0f6f31478c7f434f6
https://conda.anaconda.org/conda-forge/noarch/pyflakes-2.3.1-pyhd8ed1ab_0.tar.bz2#01e9ada82bd261ee2b6366aa832018cc
https://conda.anaconda.org/conda-forge/noarch/pyjwt-2.0.1-pyhd8ed1ab_1.tar.bz2#ff02995e927b47823a0ac60e5ecf48ca
https://conda.anaconda.org/conda-forge/noarch/pyparsing-2.4.7-pyh9f0ad1d_0.tar.bz2#626c4f20d5bf06dcec9cf2eaa31725c7
https://conda.anaconda.org/conda-forge/noarch/python-editor-1.0.4-py_0.tar.bz2#eaaf29a0644f9407f98a4665f45880c4
https://conda.anaconda.org/conda-forge/noarch/python-json-logger-2.0.1-pyh9f0ad1d_0.tar.bz2#aed452f2f9f8bc8b2b0c412975051b5b
https://conda.anaconda.org/conda-forge/linux-64/python_abi-3.9-1_cp39.tar.bz2#9ee3692d976902241a3392495768fe98
https://conda.anaconda.org/conda-forge/noarch/pytz-2021.1-pyhd8ed1ab_0.tar.bz2#3af2e9424d5eb0063824a3f9b850d411
https://conda.anaconda.org/conda-forge/noarch/send2trash-1.5.0-py_0.tar.bz2#c3779037a635e1150f1c53c28b875949
https://conda.anaconda.org/conda-forge/noarch/simpervisor-0.4-pyhd8ed1ab_0.tar.bz2#12b5f0d11cc26bf386bd9a2f99099648
https://conda.anaconda.org/conda-forge/noarch/six-1.15.0-pyh9f0ad1d_0.tar.bz2#1eec421f0f1f39e579e44e4a5ce646a2
https://conda.anaconda.org/conda-forge/noarch/smmap-3.0.5-pyh44b312d_0.tar.bz2#3a8dc70789709aa315325d5df06fb7e4
https://conda.anaconda.org/conda-forge/noarch/snowballstemmer-2.1.0-pyhd8ed1ab_0.tar.bz2#f1d64c0cf0eedf655a96ccdc1573c05a
https://conda.anaconda.org/conda-forge/noarch/sortedcontainers-2.3.0-pyhd8ed1ab_0.tar.bz2#2f5b87cd0bdf1822b62e40909f471db4
https://conda.anaconda.org/conda-forge/noarch/sphinxcontrib-applehelp-1.0.2-py_0.tar.bz2#20b2eaeaeea4ef9a9a0d99770620fd09
https://conda.anaconda.org/conda-forge/noarch/sphinxcontrib-devhelp-1.0.2-py_0.tar.bz2#68e01cac9d38d0e717cd5c87bc3d2cc9
https://conda.anaconda.org/conda-forge/noarch/sphinxcontrib-htmlhelp-1.0.3-py_0.tar.bz2#4508a40465ebf0105e52f7194f299411
https://conda.anaconda.org/conda-forge/noarch/sphinxcontrib-jsmath-1.0.1-py_0.tar.bz2#67cd9d9c0382d37479b4d306c369a2d4
https://conda.anaconda.org/conda-forge/noarch/sphinxcontrib-qthelp-1.0.3-py_0.tar.bz2#d01180388e6d1838c3e1ad029590aa7a
https://conda.anaconda.org/conda-forge/noarch/sphinxcontrib-serializinghtml-1.1.4-py_0.tar.bz2#8ea6a8036e28dba8827d35c764709358
https://conda.anaconda.org/conda-forge/noarch/tblib-1.7.0-pyhd8ed1ab_0.tar.bz2#3d4afc31302aa7be471feb6be048ed76
https://conda.anaconda.org/conda-forge/noarch/testpath-0.4.4-py_0.tar.bz2#3b98fff4d5342bebde2ecaa314f796f9
https://conda.anaconda.org/conda-forge/noarch/toml-0.10.2-pyhd8ed1ab_0.tar.bz2#f832c45a477c78bebd107098db465095
https://conda.anaconda.org/conda-forge/noarch/toolz-0.11.1-py_0.tar.bz2#d1e66b58cb00b3817ad9f05eec098c00
https://conda.anaconda.org/conda-forge/noarch/tqdm-4.60.0-pyhd8ed1ab_0.tar.bz2#d4d22fcd50ccf1925fe59efd36ba4358
https://conda.anaconda.org/conda-forge/noarch/typing_extensions-3.7.4.3-py_0.tar.bz2#12b96e382730541a4b332420227055ae
https://conda.anaconda.org/conda-forge/noarch/webencodings-0.5.1-py_1.tar.bz2#3563be4c5611a44210d9ba0c16113136
https://conda.anaconda.org/conda-forge/noarch/werkzeug-1.0.1-pyh9f0ad1d_0.tar.bz2#a9f0ed0e6ba014c4e42543bda09e0035
https://conda.anaconda.org/conda-forge/noarch/wheel-0.36.2-pyhd3deb0d_0.tar.bz2#768bfbe026426d0e76b377997d1f2b98
https://conda.anaconda.org/conda-forge/noarch/zipp-3.4.1-pyhd8ed1ab_0.tar.bz2#a4fa30eb74a326092b3d8078b1f1aae1
https://conda.anaconda.org/conda-forge/noarch/babel-2.9.0-pyhd3deb0d_0.tar.bz2#1cb532c9a6fd4e56a9f0906b87c17b76
https://conda.anaconda.org/conda-forge/noarch/bokeh-root-cmd-0.0.5-py_0.tar.bz2#9886dce45c728d4bf9991bd0450482f5
https://conda.anaconda.org/conda-forge/linux-64/brotli-python-1.0.9-py39he80948d_4.tar.bz2#b9c89ded20e30e6b698e5b213ed266e7
https://conda.anaconda.org/conda-forge/linux-64/certifi-2020.12.5-py39hf3d152e_1.tar.bz2#83afa403caafd7ef3162385cca9bce13
https://conda.anaconda.org/conda-forge/linux-64/cffi-1.14.5-py39he32792d_0.tar.bz2#b561e1fad1fc8bb343064bd5497444bb
https://conda.anaconda.org/conda-forge/linux-64/chardet-4.0.0-py39hf3d152e_1.tar.bz2#d0da429a3428ffcacaad25595b96a648
https://conda.anaconda.org/conda-forge/linux-64/coverage-5.5-py39h3811e60_0.tar.bz2#bcdadca13080d0210f405d82e66452a3
https://conda.anaconda.org/conda-forge/noarch/cycler-0.10.0-py_2.tar.bz2#f6d7c7e6d8f42cbbec7e07a8d879f91c
https://conda.anaconda.org/conda-forge/linux-64/cytoolz-0.11.0-py39h3811e60_3.tar.bz2#b2acd01289447c022fde78c3b91e6e39
https://conda.anaconda.org/conda-forge/linux-64/dbus-1.13.6-h48d8840_2.tar.bz2#eba672c69baf366fdedd1c6f702dbb81
https://conda.anaconda.org/conda-forge/linux-64/docutils-0.16-py39hf3d152e_3.tar.bz2#4f0fa7459a1f40a969aaad418b1c428c
https://conda.anaconda.org/conda-forge/linux-64/future-0.18.2-py39hf3d152e_3.tar.bz2#4ce61ba9fc5c24f8147b7f015a0ae360
https://conda.anaconda.org/conda-forge/noarch/gitdb-4.0.7-pyhd8ed1ab_0.tar.bz2#12977b4cc317a6ee2939aedcb09a4898
https://conda.anaconda.org/conda-forge/linux-64/greenlet-1.0.0-py39he80948d_0.tar.bz2#20c420011c55bcd6571810b77fc8c66e
https://conda.anaconda.org/conda-forge/linux-64/harfbuzz-2.8.0-h83ec7ef_1.tar.bz2#0b20d7ac5b7beec9615f35ab88c161f8
https://conda.anaconda.org/conda-forge/linux-64/importlib-metadata-3.10.0-py39hf3d152e_0.tar.bz2#19f302a5ce8220382f50f2ca48d2e9db
https://conda.anaconda.org/conda-forge/linux-64/importlib_resources-5.1.2-py39hf3d152e_0.tar.bz2#d84db8dcfb0d505afde993e09e7f910e
https://conda.anaconda.org/conda-forge/linux-64/jedi-0.18.0-py39hf3d152e_2.tar.bz2#cb9b5c105fb10e59bf5a263880735235
https://conda.anaconda.org/conda-forge/linux-64/kiwisolver-1.3.1-py39h1a9c180_1.tar.bz2#c5d6241b3ec5d02c316a5f66f14024c7
https://conda.anaconda.org/conda-forge/linux-64/markupsafe-1.1.1-py39h3811e60_3.tar.bz2#ba89fd2d0e9871ac81116e3008c830b4
https://conda.anaconda.org/conda-forge/linux-64/mistune-0.8.4-py39h3811e60_1003.tar.bz2#716b1f4d19fdedf318dd100682399a76
https://conda.anaconda.org/conda-forge/linux-64/msgpack-python-1.0.2-py39h1a9c180_1.tar.bz2#de3a1627c3c8293668468985c6118b6d
https://conda.anaconda.org/conda-forge/linux-64/multidict-5.1.0-py39h3811e60_1.tar.bz2#8a109e2749c19efbba72c3a6dccc5063
https://conda.anaconda.org/conda-forge/linux-64/mypy_extensions-0.4.3-py39hf3d152e_3.tar.bz2#fcab473c122479c0a4b1a14f716b7f1d
https://conda.anaconda.org/conda-forge/linux-64/numpy-1.20.2-py39hdbf815f_0.tar.bz2#d10e11ac3e728fdd8dab34968b0e55e8
https://conda.anaconda.org/conda-forge/noarch/packaging-20.9-pyh44b312d_0.tar.bz2#be69a38e912054a62dc82cc3c7711a64
https://conda.anaconda.org/conda-forge/noarch/partd-1.2.0-pyhd8ed1ab_0.tar.bz2#0c32f563d7f22e3a34c95cad8cc95651
https://conda.anaconda.org/conda-forge/noarch/pexpect-4.8.0-pyh9f0ad1d_2.tar.bz2#5909e7b978141dd80d28dbf9de627827
https://conda.anaconda.org/conda-forge/linux-64/pillow-8.1.2-py39hf95b381_1.tar.bz2#7e50faa8327950459cb5ba31a5fa79dc
https://conda.anaconda.org/conda-forge/linux-64/pluggy-0.13.1-py39hf3d152e_4.tar.bz2#4d5bb60996f07fe6781efc7b476a7e2c
https://conda.anaconda.org/conda-forge/linux-64/psutil-5.8.0-py39h3811e60_1.tar.bz2#29cb4c7769cc2a6e86cc13615e9b4a15
https://conda.anaconda.org/conda-forge/noarch/pyct-core-0.4.6-py_0.tar.bz2#55ec526f95e0959de3f68bc6289a20da
https://conda.anaconda.org/conda-forge/linux-64/pycurl-7.43.0.6-py39h72e3413_1.tar.bz2#69c4c5662956330121a957998669b800
https://conda.anaconda.org/conda-forge/linux-64/pyqt5-sip-4.19.18-py39he80948d_7.tar.bz2#efdd7803dc1df15d715e6d4a6ef03856
https://conda.anaconda.org/conda-forge/linux-64/pyrsistent-0.17.3-py39h3811e60_2.tar.bz2#4ec88cc4b941bc447fd97cadd76e32de
https://conda.anaconda.org/conda-forge/linux-64/pysocks-1.7.1-py39hf3d152e_3.tar.bz2#f7e7fdc66f2362bebc407f1ab7d10f63
https://conda.anaconda.org/conda-forge/noarch/python-dateutil-2.8.1-py_0.tar.bz2#0d0150ed9c2d25817f5324108d3f7571
https://conda.anaconda.org/conda-forge/noarch/pyviz_comms-2.0.1-pyhd3deb0d_0.tar.bz2#12e4d3289ffcbdf465864af6eb2c6f4b
https://conda.anaconda.org/conda-forge/linux-64/pyyaml-5.4.1-py39h3811e60_0.tar.bz2#6451ed66b3b438134626894c821dc5fa
https://conda.anaconda.org/conda-forge/linux-64/pyzmq-22.0.3-py39h37b5a0c_1.tar.bz2#4720d9f18f7532cf5fa580aad240c04b
https://conda.anaconda.org/conda-forge/linux-64/regex-2021.4.4-py39h3811e60_0.tar.bz2#904912568b4f51d52e8a77604e8b2bd1
https://conda.anaconda.org/conda-forge/noarch/retrying-1.3.3-py_2.tar.bz2#a11f356d6f93b74b4a84e9501afd48b4
https://conda.anaconda.org/conda-forge/noarch/rshiny-server-cmd-0.0.2-py_0.tar.bz2#90e385056bd49b2e87d86a299a67d1a1
https://conda.anaconda.org/conda-forge/linux-64/ruamel.yaml.clib-0.2.2-py39h3811e60_2.tar.bz2#d7770c88f04155fcff2942a1ff750ff1
https://conda.anaconda.org/conda-forge/linux-64/sniffio-1.2.0-py39hf3d152e_1.tar.bz2#a620158b380f03f82e8ceac1397270b7
https://conda.anaconda.org/conda-forge/linux-64/tomlkit-0.7.0-py39hf3d152e_3.tar.bz2#f8f963ddaa71adf11fac44cf5a2318fa
https://conda.anaconda.org/conda-forge/linux-64/tornado-6.1-py39h3811e60_1.tar.bz2#763597c8b91b69789ab0f6002439c32b
https://conda.anaconda.org/conda-forge/noarch/traitlets-5.0.5-py_0.tar.bz2#99618ee9ab1323e40f231acdab92fe60
https://conda.anaconda.org/conda-forge/linux-64/typed-ast-1.4.2-py39h3811e60_0.tar.bz2#eec5a3ed253825254248e0f2ae79a4cb
https://conda.anaconda.org/conda-forge/noarch/typing-extensions-3.7.4.3-0.tar.bz2#36bdcdb4c2bf1efb987f2e9e80f4c9a6
https://conda.anaconda.org/conda-forge/noarch/tzlocal-2.1-pyh9f0ad1d_0.tar.bz2#9d16668487f3fd44290d9fdbbd25b283
https://conda.anaconda.org/conda-forge/noarch/validators-0.18.2-pyhd3deb0d_0.tar.bz2#a805c335f2d82b3dfb2f987520aae879
https://conda.anaconda.org/conda-forge/noarch/zict-2.0.0-py_0.tar.bz2#4750152be22f24d695b3004c5e1712d3
https://conda.anaconda.org/conda-forge/linux-64/anyio-2.2.0-py39hf3d152e_0.tar.bz2#0a7546476eeb73e573dbed00de58b454
https://conda.anaconda.org/conda-forge/linux-64/argon2-cffi-20.1.0-py39h3811e60_2.tar.bz2#9e69a6cedbffc71321daf4895b9db5bf
https://conda.anaconda.org/conda-forge/linux-64/arrow-cpp-3.0.0-py39h817929d_11_cpu.tar.bz2#75c3411ad91e8b9d456e9944da94a17d
https://conda.anaconda.org/conda-forge/noarch/black-20.8b1-py_1.tar.bz2#e555d6b71ec916c3dc4e6e3793cc9796
https://conda.anaconda.org/conda-forge/linux-64/brotlipy-0.7.0-py39h3811e60_1001.tar.bz2#35ad78e61aec955783acfd00f3c6bcde
https://conda.anaconda.org/conda-forge/linux-64/cryptography-3.4.7-py39hbca0aa6_0.tar.bz2#04e97f7d5c60f75a36b1e4bdf3652ebd
https://conda.anaconda.org/conda-forge/noarch/dask-core-2021.4.0-pyhd8ed1ab_0.tar.bz2#6a3cee4ed19dffa70d021526d0f07258
https://conda.anaconda.org/conda-forge/noarch/deprecation-2.1.0-pyh9f0ad1d_0.tar.bz2#7b6747d7cc2076341029cff659669e8b
https://conda.anaconda.org/conda-forge/noarch/gitpython-3.1.14-pyhd8ed1ab_0.tar.bz2#4dca4262c5376a85ce02c517dc385041
https://conda.anaconda.org/conda-forge/linux-64/jupyter_core-4.7.1-py39hf3d152e_0.tar.bz2#6bddb50072e5c769100295b967b7b212
https://conda.anaconda.org/conda-forge/noarch/mako-1.1.4-pyh44b312d_0.tar.bz2#1b618b99d151e88ba0fabff9fa2b2d0b
https://conda.anaconda.org/conda-forge/noarch/markdown-3.3.4-pyhd8ed1ab_0.tar.bz2#b8054f74fbed2b282f032219f114421a
https://conda.anaconda.org/conda-forge/linux-64/pandas-1.2.3-py39hde0f152_0.tar.bz2#06986f8c1daf2e58b7484ec89839d2e3
https://conda.anaconda.org/conda-forge/linux-64/pango-1.42.4-h69149e4_5.tar.bz2#9e325ab71e743c57955e73172d1db615
https://conda.anaconda.org/conda-forge/noarch/plotlydash-tornado-cmd-0.0.6-pyhd8ed1ab_0.tar.bz2#8be485563a7386e9cab83d5c153899e8
https://conda.anaconda.org/conda-forge/linux-64/pytest-6.2.3-py39hf3d152e_0.tar.bz2#b556d9c0828cbf9b22bf68b4a7f139fc
https://conda.anaconda.org/conda-forge/linux-64/qt-5.12.9-hda022c4_4.tar.bz2#afebab1f5049d66baaaec67d9ce893f0
https://conda.anaconda.org/conda-forge/linux-64/setuptools-49.6.0-py39hf3d152e_3.tar.bz2#4397280abb201d7adff59099e12e7ddd
https://conda.anaconda.org/conda-forge/linux-64/shapely-1.7.1-py39ha61afbd_4.tar.bz2#6899c5b3a7ab0c29737abe92a160ff19
https://conda.anaconda.org/conda-forge/linux-64/sqlalchemy-1.4.7-py39h3811e60_0.tar.bz2#5109e02d8805183bbbb7dfaf533e842d
https://conda.anaconda.org/conda-forge/linux-64/terminado-0.9.4-py39hf3d152e_0.tar.bz2#85d41ed13d126081d83ad00b7926dde9
https://conda.anaconda.org/conda-forge/noarch/traittypes-0.2.1-pyh9f0ad1d_2.tar.bz2#7d32ccb5334a6822c28af3e864550618
https://conda.anaconda.org/conda-forge/linux-64/watchdog-2.0.2-py39hf3d152e_0.tar.bz2#96d5b999d296880aef02768a68b52226
https://conda.anaconda.org/conda-forge/linux-64/yarl-1.6.3-py39h3811e60_1.tar.bz2#d1ff2cc419476806c2c8866b268edcba
https://conda.anaconda.org/conda-forge/linux-64/aiohttp-3.7.4-py39h3811e60_0.tar.bz2#799f9984b9e338ca91ae779386d3f1fa
https://conda.anaconda.org/conda-forge/noarch/alembic-1.5.8-pyhd8ed1ab_0.tar.bz2#e96488635ba0005f9c977fc9c46bb6c3
https://conda.anaconda.org/conda-forge/noarch/backports.functools_lru_cache-1.6.4-pyhd8ed1ab_0.tar.bz2#c5b3edc62d6309088f4970b3eaaa65a6
https://conda.anaconda.org/conda-forge/noarch/bleach-3.3.0-pyh44b312d_0.tar.bz2#abf6b76c39358ca36ca706c46f054f2a
https://conda.anaconda.org/conda-forge/linux-64/distributed-2021.4.0-py39hf3d152e_0.tar.bz2#6d0417891888bd6a7e4e625c8f421bf9
https://conda.anaconda.org/conda-forge/noarch/flake8-3.9.0-pyhd8ed1ab_0.tar.bz2#36aeeb659dc3084b68c39f8649e813e8
https://conda.anaconda.org/conda-forge/linux-64/gtk2-2.24.33-hab0c2f8_0.tar.bz2#8acbef87761a4b90f090168737822611
https://conda.anaconda.org/conda-forge/noarch/hypothesis-6.9.1-pyhd8ed1ab_0.tar.bz2#b61e335cfaa0248ac328b4bb0bde2dac
https://conda.anaconda.org/conda-forge/noarch/importnb-0.7.0-pyhd8ed1ab_0.tar.bz2#73d3885a2fc883f4d19bc7b70baa37d2
https://conda.anaconda.org/conda-forge/noarch/isort-5.8.0-pyhd8ed1ab_0.tar.bz2#c7535f0f6618cba5a5f1070c0edf8e2b
https://conda.anaconda.org/conda-forge/noarch/jinja2-2.11.3-pyh44b312d_0.tar.bz2#1d4c3605d85a3655b1595e0694138eb6
https://conda.anaconda.org/conda-forge/noarch/jsonschema-3.2.0-pyhd8ed1ab_3.tar.bz2#66125e28711d8ffc04a207a2b170316d
https://conda.anaconda.org/conda-forge/noarch/jupyter-packaging-0.8.3-pyhd8ed1ab_0.tar.bz2#ef4498d6b623891478673e31736c8ac7
https://conda.anaconda.org/conda-forge/noarch/jupyter_client-6.1.12-pyhd8ed1ab_0.tar.bz2#f58b38ddb9f94fa3cafea4ba2b17f93b
https://conda.anaconda.org/conda-forge/linux-64/librsvg-2.50.3-hfa39831_1.tar.bz2#7578526979e852a1f8650080214c6cd6
https://conda.anaconda.org/conda-forge/linux-64/matplotlib-base-3.4.1-py39h2fa2bec_0.tar.bz2#ddbe32ea54a3686f2f39682a3aa45a6d
https://conda.anaconda.org/conda-forge/noarch/oauthlib-3.0.1-py_0.tar.bz2#faaf2a8fd1cddecbf1818fcf0ed3a3b6
https://conda.anaconda.org/conda-forge/noarch/parquet-cpp-1.5.1-2.tar.bz2#79a5f78c42817594ae016a7896521a97
https://conda.anaconda.org/conda-forge/noarch/pip-21.0.1-pyhd8ed1ab_0.tar.bz2#849477e10d78cbc283c78fd53bfbb567
https://conda.anaconda.org/conda-forge/noarch/plotly-4.14.3-pyh44b312d_0.tar.bz2#9526a7740d7abe3e1592d35798b168c5
https://conda.anaconda.org/conda-forge/linux-64/protobuf-3.15.8-py39he80948d_0.tar.bz2#c268989c20a39a5d8edd2f817766098e
https://conda.anaconda.org/conda-forge/noarch/pygments-2.8.1-pyhd8ed1ab_0.tar.bz2#196e0cff141677f430fc06eb0d0ad94d
https://conda.anaconda.org/conda-forge/noarch/pyopenssl-20.0.1-pyhd8ed1ab_0.tar.bz2#92371c25994d0f5d28a01c1fb75ebf86
https://conda.anaconda.org/conda-forge/linux-64/pyqt-impl-5.12.3-py39h0fcd23e_7.tar.bz2#b9e7ab669f5c61554d9e045956db613a
https://conda.anaconda.org/conda-forge/noarch/pytest-cov-2.11.1-pyh44b312d_0.tar.bz2#67e256d6c8a3082d3f29f8cefce17bbf
https://conda.anaconda.org/conda-forge/linux-64/ruamel.yaml-0.16.12-py39h3811e60_2.tar.bz2#a8821bb0a052ba053aa74108fac611a8
https://conda.anaconda.org/conda-forge/noarch/altair-4.1.0-py_1.tar.bz2#c059ffe733ae5debd8095218b0d161c7
https://conda.anaconda.org/conda-forge/linux-64/bokeh-2.3.1-py39hf3d152e_0.tar.bz2#6cb2fae8ac3f4490c1f97c87decdf696
https://conda.anaconda.org/conda-forge/noarch/branca-0.4.2-pyhd8ed1ab_0.tar.bz2#836c975d3ae4f21c3cd047c10b15a7cf
https://conda.anaconda.org/conda-forge/noarch/certipy-0.1.3-py_0.tar.bz2#23486713ef5712923e7c57cae609b22e
https://conda.anaconda.org/conda-forge/noarch/flask-1.1.2-pyh9f0ad1d_0.tar.bz2#721f9fc33930d8deec05a746dd1be3b8
https://conda.anaconda.org/conda-forge/linux-64/graphviz-2.47.0-he056042_1.tar.bz2#9a51360bfc242b348193e88dc81ee9cd
https://conda.anaconda.org/conda-forge/noarch/jupyter_telemetry-0.1.0-pyhd8ed1ab_1.tar.bz2#bb9ebdb6d5aa2622484aff1faceee181
https://conda.anaconda.org/conda-forge/noarch/jupyterlab_pygments-0.1.2-pyh9f0ad1d_0.tar.bz2#2cbd910890bb328e8959246a1e16fac7
https://conda.anaconda.org/conda-forge/linux-64/nb_conda_kernels-2.3.1-py39hf3d152e_0.tar.bz2#f6333d9a056f0a5ca1fee20b51d9c68d
https://conda.anaconda.org/conda-forge/noarch/nbformat-5.1.3-pyhd8ed1ab_0.tar.bz2#bafa5df6d4f8db69a4d197b4657127e7
https://conda.anaconda.org/conda-forge/linux-64/pyarrow-3.0.0-py39h3ebc44c_11_cpu.tar.bz2#6a668003629b38c5b32208a0ba10b1b7
https://conda.anaconda.org/conda-forge/linux-64/pyqtchart-5.12-py39h0fcd23e_7.tar.bz2#6b818c4973110a3a3753d8bb17147689
https://conda.anaconda.org/conda-forge/linux-64/pyqtwebengine-5.12.1-py39h0fcd23e_7.tar.bz2#6423ece9d95e91a110dff695b2aaae91
https://conda.anaconda.org/conda-forge/noarch/urllib3-1.26.4-pyhd8ed1ab_0.tar.bz2#d7b20b328e23d993994ea02077c009c0
https://conda.anaconda.org/conda-forge/noarch/wcwidth-0.2.5-pyh9f0ad1d_2.tar.bz2#5266fcd697043c59621fda522b3d78ee
https://conda.anaconda.org/conda-forge/noarch/botocore-1.20.49-pyhd8ed1ab_0.tar.bz2#5367a0d9d65b59e591e254b97c719bbe
https://conda.anaconda.org/conda-forge/noarch/flask-compress-1.9.0-pyhd8ed1ab_0.tar.bz2#40fbef08fcb1219c559bb97d8f5db860
https://conda.anaconda.org/conda-forge/noarch/nbclient-0.5.3-pyhd8ed1ab_0.tar.bz2#67f12831640fde52fe9be1bbc6b699e7
https://conda.anaconda.org/conda-forge/noarch/prompt-toolkit-3.0.18-pyha770c72_0.tar.bz2#aa44d0f71016061e83df1126764acdb7
https://conda.anaconda.org/conda-forge/linux-64/pyqt-5.12.3-py39hf3d152e_7.tar.bz2#08e46ad97d4712558a52ae2ea6a92c8d
https://conda.anaconda.org/conda-forge/noarch/python-graphviz-0.16-pyh243d235_2.tar.bz2#8a37b68eb6fd242a4112781c2f7b4b98
https://conda.anaconda.org/conda-forge/noarch/requests-2.25.1-pyhd3deb0d_0.tar.bz2#ae687aba31a1c400192a86a2e993ffdc
https://conda.anaconda.org/conda-forge/linux-64/ipython-7.22.0-py39hef51801_0.tar.bz2#8072546c9a0f4a0da1d2f3305b7eebc5
https://conda.anaconda.org/conda-forge/linux-64/jupyterhub-base-1.3.0-py39hf3d152e_1.tar.bz2#1bbac4988e7d073cf19c33c2edee8b20
https://conda.anaconda.org/conda-forge/linux-64/matplotlib-3.4.1-py39hf3d152e_0.tar.bz2#cbe2596e33069644a169e9d51acaf121
https://conda.anaconda.org/conda-forge/linux-64/nbconvert-6.0.7-py39hf3d152e_3.tar.bz2#5f914e1113c7a926798c7659efbcd6a3
https://conda.anaconda.org/conda-forge/noarch/prompt_toolkit-3.0.18-hd8ed1ab_0.tar.bz2#a2b1b50584f941dbd88ea4ffabeddef6
https://conda.anaconda.org/conda-forge/noarch/pyct-0.4.6-py_0.tar.bz2#42d91c89bc3993ec88681cffd3c0e326
https://conda.anaconda.org/conda-forge/noarch/s3transfer-0.3.6-pyhd8ed1ab_0.tar.bz2#0c2ef67c47f1aee309967026d37649da
https://conda.anaconda.org/conda-forge/noarch/sphinx-3.5.4-pyh44b312d_0.tar.bz2#0ebc444f001f73c4f6de01057b0be392
https://conda.anaconda.org/conda-forge/noarch/boto3-1.17.49-pyhd8ed1ab_0.tar.bz2#63606da515fc96a9e17e0bf1e5fd60c2
https://conda.anaconda.org/conda-forge/linux-64/ipykernel-5.5.3-py39hef51801_0.tar.bz2#ea23d1452307fe5b021057b412e62c11
https://conda.anaconda.org/conda-forge/linux-64/jupyter_server-1.6.0-py39hf3d152e_0.tar.bz2#9447b8cc3a314c3e10fc32b98a3e5e80
https://conda.anaconda.org/conda-forge/linux-64/jupyterhub-1.3.0-py39hf3d152e_1.tar.bz2#86f77c3b91fd89bf7fbe3548eac2e705
https://conda.anaconda.org/conda-forge/noarch/panel-0.11.2-pyhd8ed1ab_0.tar.bz2#b2a3261576b942aee0adabc232a8b7b1
https://conda.anaconda.org/conda-forge/noarch/cdsdashboards-0.5.1-pyhd8ed1ab_0.tar.bz2#4aa60dfc0cd198d164b3cb0abafa6934
https://conda.anaconda.org/conda-forge/noarch/jhsingle-native-proxy-0.7.3-pyhd8ed1ab_0.tar.bz2#faa514fb390bd0367667bf3b2e95dcf8
https://conda.anaconda.org/conda-forge/noarch/jupyter-server-proxy-3.0.2-pyhd8ed1ab_0.tar.bz2#1950c6645c9213a30545eee4d54cb495
https://conda.anaconda.org/conda-forge/noarch/jupyter_console-6.4.0-pyhd8ed1ab_0.tar.bz2#ee5895aebb8104e4e087f06aae64977a
https://conda.anaconda.org/conda-forge/noarch/jupyterlab_server-2.4.0-pyhd8ed1ab_0.tar.bz2#ad7648e33c04637ba640945340302741
https://conda.anaconda.org/conda-forge/noarch/nbval-0.9.6-pyh9f0ad1d_0.tar.bz2#b627e05284e7affc46b6e4878aa1d96b
https://conda.anaconda.org/conda-forge/linux-64/notebook-6.3.0-py39hf3d152e_0.tar.bz2#768afe25d9d82f590b8db716288c7259
https://conda.anaconda.org/conda-forge/noarch/voila-0.2.8-pyhd8ed1ab_0.tar.bz2#d03a360e92cb1786980a0d85e22c73db
https://conda.anaconda.org/conda-forge/noarch/cdsdashboards-singleuser-0.5.1-hd8ed1ab_0.tar.bz2#9122cdd0fcf312982476f0b380e129a2
https://conda.anaconda.org/conda-forge/noarch/nbclassic-0.2.7-pyhd8ed1ab_0.tar.bz2#cf4723f3178fb1cae4f7bf8e31db0e38
https://conda.anaconda.org/conda-forge/linux-64/widgetsnbextension-3.5.1-py39hf3d152e_4.tar.bz2#ae54c7d751b678c0021929892d598ecd
https://conda.anaconda.org/conda-forge/noarch/ipywidgets-7.6.3-pyhd3deb0d_0.tar.bz2#536a9ed6d9e740f2b83d1a3c388e4388
https://conda.anaconda.org/conda-forge/noarch/jupyterlab-3.0.14-pyhd8ed1ab_0.tar.bz2#a40aa8ef6258bf7c2ef42ecd97701b74
https://conda.anaconda.org/conda-forge/noarch/dask-labextension-5.0.1-pyhd8ed1ab_1.tar.bz2#08196a3509bb10869c2ae06b198ea477
https://conda.anaconda.org/conda-forge/noarch/ipyleaflet-0.13.6-pyhd8ed1ab_1.tar.bz2#d2b17130435cd71c9cf80753d711088b
https://conda.anaconda.org/conda-forge/noarch/jupyter-videochat-0.5.1-pyhd8ed1ab_0.tar.bz2#714c09e7292c416dcbe49e90b5c77cab
https://conda.anaconda.org/conda-forge/noarch/pydeck-0.6.1-pyh44b312d_0.tar.bz2#e4b232ad70e78dc4aae057c16797a148
https://conda.anaconda.org/conda-forge/noarch/dask_labextension-5.0.1-hd8ed1ab_1.tar.bz2#5d88cfed1664dd8626b6ee1e33c8f030
https://conda.anaconda.org/conda-forge/noarch/streamlit-0.80.0-pyhd8ed1ab_0.tar.bz2#9958eeff02f8c5243d68a5c02c331cb1
https://conda.anaconda.org/conda-forge/noarch/dash-core-components-1.16.0-pyhd8ed1ab_0.tar.bz2#1c7d6652d3e2def5f011830484f7912d
https://conda.anaconda.org/conda-forge/noarch/dash-html-components-1.1.3-pyhd8ed1ab_0.tar.bz2#edafceb6c55d7f4e40bb1c7ed5b30142
https://conda.anaconda.org/conda-forge/noarch/dash-1.20.0-pyhd8ed1ab_0.tar.bz2#569b419efd43f5335d7f4c1314892ff0
https://conda.anaconda.org/conda-forge/noarch/dash-table-4.11.3-pyhd8ed1ab_0.tar.bz2#3c0a95a2c64e4a8cdac8cdb29dba8064
